
Microsoft Visual Studio Solution File, Format Version 12.00
# Visual Studio Version 16
VisualStudioVersion = 16.0.30711.63
MinimumVisualStudioVersion = 10.0.40219.1
Project("{8BC9CEB8-8B4A-11D0-8D11-00A0C91BC942}") = "SynthVisualStudio", "SynthVisualStudio\SynthVisualStudio.vcxproj", "{C5E11783-E6F9-4F97-8FB0-B01C607AE649}"
EndProject
Project("{9A19103F-16F7-4668-BE54-9A1E7A4F7556}") = "SynthControl", "SynthControl\SynthControl.csproj", "{60D788C3-03E0-4A8F-9DBA-CD9A85E3EEAA}"
EndProject
Project("{9A19103F-16F7-4668-BE54-9A1E7A4F7556}") = "FilterTest", "FilterTest\FilterTest\FilterTest.csproj", "{28FAC305-18C1-44F9-BFB4-1779802553F9}"
EndProject
Project("{8BC9CEB8-8B4A-11D0-8D11-00A0C91BC942}") = "SynthWebsockets", "SynthWebsockets\SynthWebsockets.vcxitems", "{0E717FBE-A88C-4887-ACFC-AE124A5CD78E}"
EndProject
Project("{FAE04EC0-301F-11D3-BF4B-00C04F79EFBC}") = "SynthWebsocketsServer", "SynthWebsocketsServer\SynthWebsocketsServer.csproj", "{AA3D22C5-A592-4987-8900-72C79BF85094}"
EndProject
Global
	GlobalSection(SolutionConfigurationPlatforms) = preSolution
		Debug|Any CPU = Debug|Any CPU
		Debug|x64 = Debug|x64
		Debug|x86 = Debug|x86
		Release|Any CPU = Release|Any CPU
		Release|x64 = Release|x64
		Release|x86 = Release|x86
	EndGlobalSection
	GlobalSection(ProjectConfigurationPlatforms) = postSolution
		{C5E11783-E6F9-4F97-8FB0-B01C607AE649}.Debug|Any CPU.ActiveCfg = Debug|Win32
		{C5E11783-E6F9-4F97-8FB0-B01C607AE649}.Debug|x64.ActiveCfg = Debug|x64
		{C5E11783-E6F9-4F97-8FB0-B01C607AE649}.Debug|x64.Build.0 = Debug|x64
		{C5E11783-E6F9-4F97-8FB0-B01C607AE649}.Debug|x86.ActiveCfg = Debug|Win32
		{C5E11783-E6F9-4F97-8FB0-B01C607AE649}.Debug|x86.Build.0 = Debug|Win32
		{C5E11783-E6F9-4F97-8FB0-B01C607AE649}.Release|Any CPU.ActiveCfg = Release|Win32
		{C5E11783-E6F9-4F97-8FB0-B01C607AE649}.Release|x64.ActiveCfg = Release|x64
		{C5E11783-E6F9-4F97-8FB0-B01C607AE649}.Release|x64.Build.0 = Release|x64
		{C5E11783-E6F9-4F97-8FB0-B01C607AE649}.Release|x86.ActiveCfg = Release|Win32
		{C5E11783-E6F9-4F97-8FB0-B01C607AE649}.Release|x86.Build.0 = Release|Win32
		{60D788C3-03E0-4A8F-9DBA-CD9A85E3EEAA}.Debug|Any CPU.ActiveCfg = Debug|Any CPU
		{60D788C3-03E0-4A8F-9DBA-CD9A85E3EEAA}.Debug|Any CPU.Build.0 = Debug|Any CPU
		{60D788C3-03E0-4A8F-9DBA-CD9A85E3EEAA}.Debug|x64.ActiveCfg = Debug|Any CPU
		{60D788C3-03E0-4A8F-9DBA-CD9A85E3EEAA}.Debug|x64.Build.0 = Debug|Any CPU
		{60D788C3-03E0-4A8F-9DBA-CD9A85E3EEAA}.Debug|x86.ActiveCfg = Debug|Any CPU
		{60D788C3-03E0-4A8F-9DBA-CD9A85E3EEAA}.Debug|x86.Build.0 = Debug|Any CPU
		{60D788C3-03E0-4A8F-9DBA-CD9A85E3EEAA}.Release|Any CPU.ActiveCfg = Release|Any CPU
		{60D788C3-03E0-4A8F-9DBA-CD9A85E3EEAA}.Release|Any CPU.Build.0 = Release|Any CPU
		{60D788C3-03E0-4A8F-9DBA-CD9A85E3EEAA}.Release|x64.ActiveCfg = Release|Any CPU
		{60D788C3-03E0-4A8F-9DBA-CD9A85E3EEAA}.Release|x64.Build.0 = Release|Any CPU
		{60D788C3-03E0-4A8F-9DBA-CD9A85E3EEAA}.Release|x86.ActiveCfg = Release|Any CPU
		{60D788C3-03E0-4A8F-9DBA-CD9A85E3EEAA}.Release|x86.Build.0 = Release|Any CPU
		{28FAC305-18C1-44F9-BFB4-1779802553F9}.Debug|Any CPU.ActiveCfg = Debug|Any CPU
		{28FAC305-18C1-44F9-BFB4-1779802553F9}.Debug|Any CPU.Build.0 = Debug|Any CPU
		{28FAC305-18C1-44F9-BFB4-1779802553F9}.Debug|x64.ActiveCfg = Debug|Any CPU
		{28FAC305-18C1-44F9-BFB4-1779802553F9}.Debug|x64.Build.0 = Debug|Any CPU
		{28FAC305-18C1-44F9-BFB4-1779802553F9}.Debug|x86.ActiveCfg = Debug|Any CPU
		{28FAC305-18C1-44F9-BFB4-1779802553F9}.Debug|x86.Build.0 = Debug|Any CPU
		{28FAC305-18C1-44F9-BFB4-1779802553F9}.Release|Any CPU.ActiveCfg = Release|Any CPU
		{28FAC305-18C1-44F9-BFB4-1779802553F9}.Release|Any CPU.Build.0 = Release|Any CPU
		{28FAC305-18C1-44F9-BFB4-1779802553F9}.Release|x64.ActiveCfg = Release|Any CPU
		{28FAC305-18C1-44F9-BFB4-1779802553F9}.Release|x64.Build.0 = Release|Any CPU
		{28FAC305-18C1-44F9-BFB4-1779802553F9}.Release|x86.ActiveCfg = Release|Any CPU
		{28FAC305-18C1-44F9-BFB4-1779802553F9}.Release|x86.Build.0 = Release|Any CPU
		{AA3D22C5-A592-4987-8900-72C79BF85094}.Debug|Any CPU.ActiveCfg = Debug|Any CPU
		{AA3D22C5-A592-4987-8900-72C79BF85094}.Debug|Any CPU.Build.0 = Debug|Any CPU
		{AA3D22C5-A592-4987-8900-72C79BF85094}.Debug|x64.ActiveCfg = Debug|Any CPU
		{AA3D22C5-A592-4987-8900-72C79BF85094}.Debug|x64.Build.0 = Debug|Any CPU
		{AA3D22C5-A592-4987-8900-72C79BF85094}.Debug|x86.ActiveCfg = Debug|Any CPU
		{AA3D22C5-A592-4987-8900-72C79BF85094}.Debug|x86.Build.0 = Debug|Any CPU
		{AA3D22C5-A592-4987-8900-72C79BF85094}.Release|Any CPU.ActiveCfg = Release|Any CPU
		{AA3D22C5-A592-4987-8900-72C79BF85094}.Release|Any CPU.Build.0 = Release|Any CPU
		{AA3D22C5-A592-4987-8900-72C79BF85094}.Release|x64.ActiveCfg = Release|Any CPU
		{AA3D22C5-A592-4987-8900-72C79BF85094}.Release|x64.Build.0 = Release|Any CPU
		{AA3D22C5-A592-4987-8900-72C79BF85094}.Release|x86.ActiveCfg = Release|Any CPU
		{AA3D22C5-A592-4987-8900-72C79BF85094}.Release|x86.Build.0 = Release|Any CPU
	EndGlobalSection
	GlobalSection(SolutionProperties) = preSolution
		HideSolutionNode = FALSE
	EndGlobalSection
	GlobalSection(ExtensibilityGlobals) = postSolution
		SolutionGuid = {726C66AA-5605-4DB2-BF10-3F9C2873B15C}
	EndGlobalSection
EndGlobal
